
Microsoft Visual Studio Solution File, Format Version 12.00
# Visual Studio 14
VisualStudioVersion = 14.0.25420.1
MinimumVisualStudioVersion = 10.0.40219.1
Project("{FAE04EC0-301F-11D3-BF4B-00C04F79EFBC}") = "Blef.WebApp", "Blef.WebApp\Blef.WebApp.csproj", "{9E1E55FA-AB38-46DF-AC8C-540C965D9097}"
EndProject
Project("{FAE04EC0-301F-11D3-BF4B-00C04F79EFBC}") = "Blef.ConsoleClient", "Blef.ConsoleClient\Blef.ConsoleClient.csproj", "{58CF626A-0E4A-4045-92E8-453343E9377C}"
EndProject
Project("{FAE04EC0-301F-11D3-BF4B-00C04F79EFBC}") = "Blef.GameLogic", "Blef.GameLogic\Blef.GameLogic.csproj", "{DDA04C24-1498-4EA2-B350-E4B0766BCCB8}"
EndProject
Project("{FAE04EC0-301F-11D3-BF4B-00C04F79EFBC}") = "Blef.GameLogic.Tests", "tests\Blef.GameLogic.Tests\Blef.GameLogic.Tests.csproj", "{EE3905AE-373B-42B7-A8DA-52A8A2BC044A}"
EndProject
Project("{2150E333-8FDC-42A3-9474-1A3956D46DE8}") = "tests", "tests", "{C9351B46-6F3C-4B11-9372-89D93DB0EDF4}"
EndProject
Global
	GlobalSection(SolutionConfigurationPlatforms) = preSolution
		Debug|Any CPU = Debug|Any CPU
		Release|Any CPU = Release|Any CPU
	EndGlobalSection
	GlobalSection(ProjectConfigurationPlatforms) = postSolution
		{9E1E55FA-AB38-46DF-AC8C-540C965D9097}.Debug|Any CPU.ActiveCfg = Debug|Any CPU
		{9E1E55FA-AB38-46DF-AC8C-540C965D9097}.Debug|Any CPU.Build.0 = Debug|Any CPU
		{9E1E55FA-AB38-46DF-AC8C-540C965D9097}.Release|Any CPU.ActiveCfg = Release|Any CPU
		{9E1E55FA-AB38-46DF-AC8C-540C965D9097}.Release|Any CPU.Build.0 = Release|Any CPU
		{58CF626A-0E4A-4045-92E8-453343E9377C}.Debug|Any CPU.ActiveCfg = Debug|Any CPU
		{58CF626A-0E4A-4045-92E8-453343E9377C}.Debug|Any CPU.Build.0 = Debug|Any CPU
		{58CF626A-0E4A-4045-92E8-453343E9377C}.Release|Any CPU.ActiveCfg = Release|Any CPU
		{58CF626A-0E4A-4045-92E8-453343E9377C}.Release|Any CPU.Build.0 = Release|Any CPU
		{DDA04C24-1498-4EA2-B350-E4B0766BCCB8}.Debug|Any CPU.ActiveCfg = Debug|Any CPU
		{DDA04C24-1498-4EA2-B350-E4B0766BCCB8}.Debug|Any CPU.Build.0 = Debug|Any CPU
		{DDA04C24-1498-4EA2-B350-E4B0766BCCB8}.Release|Any CPU.ActiveCfg = Release|Any CPU
		{DDA04C24-1498-4EA2-B350-E4B0766BCCB8}.Release|Any CPU.Build.0 = Release|Any CPU
		{EE3905AE-373B-42B7-A8DA-52A8A2BC044A}.Debug|Any CPU.ActiveCfg = Debug|Any CPU
		{EE3905AE-373B-42B7-A8DA-52A8A2BC044A}.Debug|Any CPU.Build.0 = Debug|Any CPU
		{EE3905AE-373B-42B7-A8DA-52A8A2BC044A}.Release|Any CPU.ActiveCfg = Release|Any CPU
		{EE3905AE-373B-42B7-A8DA-52A8A2BC044A}.Release|Any CPU.Build.0 = Release|Any CPU
	EndGlobalSection
	GlobalSection(SolutionProperties) = preSolution
		HideSolutionNode = FALSE
	EndGlobalSection
	GlobalSection(NestedProjects) = preSolution
		{EE3905AE-373B-42B7-A8DA-52A8A2BC044A} = {C9351B46-6F3C-4B11-9372-89D93DB0EDF4}
	EndGlobalSection
EndGlobal
